PODS:
  - CTidy (0.3.1)
  - CXFeedParser (0.1.2):
    - CXFeedParser/Feed
    - CXFeedParser/NSDate+InternetDateTime
    - CXFeedParser/NSString+HTML
    - CXFeedParser/NSString+XMLEntities
  - CXFeedParser/Feed (0.1.2):
    - CTidy (~> 0.3.1)
  - CXFeedParser/NSDate+InternetDateTime (0.1.2)
  - CXFeedParser/NSString+HTML (0.1.2)
  - CXFeedParser/NSString+XMLEntities (0.1.2)

DEPENDENCIES:
  - CXFeedParser

SPEC CHECKSUMS:
  CTidy: a8ebe9201cdb4269fa8e7ed7f32d34856db62630
  CXFeedParser: fe88eb62a394ce822a3f59273d80c7d36e1cf119

COCOAPODS: 0.29.0
